{
  "name": "@greenways/alumbra-monorepo",
  "version": "0.1.0",
  "lockfileVersion": 3,
  "requires": true,
  "packages": {
    "": {
      "name": "@greenways/alumbra-monorepo",
      "version": "0.1.0",
      "workspaces": [
        "packages/*",
        "apps/*"
      ],
      "engines": {
        "node": ">=20"
      }
    },
    "apps/lab": {
      "name": "@greenways/alumbra-lab",
      "version": "0.1.0",
      "dependencies": {
        "@greenways/alumbra-core": "0.1.0",
        "@greenways/alumbra-engine": "0.1.0",
        "@greenways/alumbra-hara": "0.1.0",
        "@greenways/alumbra-hodos": "0.1.0",
        "@greenways/alumbra-viewport-playcanvas": "0.1.0",
        "playcanvas": "2.21.2"
      }
    },
    "node_modules/@greenways/alumbra-core": {
      "resolved": "packages/core",
      "link": true
    },
    "node_modules/@greenways/alumbra-engine": {
      "resolved": "packages/engine",
      "link": true
    },
    "node_modules/@greenways/alumbra-hara": {
      "resolved": "packages/hara",
      "link": true
    },
    "node_modules/@greenways/alumbra-history": {
      "resolved": "packages/history",
      "link": true
    },
    "node_modules/@greenways/alumbra-history-store": {
      "resolved": "packages/history-store",
      "link": true
    },
    "node_modules/@greenways/alumbra-hodos": {
      "resolved": "packages/hodos",
      "link": true
    },
    "node_modules/@greenways/alumbra-lab": {
      "resolved": "apps/lab",
      "link": true
    },
    "node_modules/@greenways/alumbra-renderer-playcanvas": {
      "resolved": "packages/renderer-playcanvas",
      "link": true
    },
    "node_modules/@greenways/alumbra-viewport-playcanvas": {
      "resolved": "packages/viewport-playcanvas",
      "link": true
    },
    "node_modules/@types/webxr": {
      "version": "0.5.24",
      "resolved": "https://registry.npmjs.org/@types/webxr/-/webxr-0.5.24.tgz",
      "integrity": "sha512-h8fgEd/DpoS9CBrjEQXR+dIDraopAEfu4wYVNY2tEPwk60stPWhvZMf4Foo5FakuQ7HFZoa8WceaWFervK2Ovg==",
      "license": "MIT"
    },
    "node_modules/@webgpu/types": {
      "version": "0.1.71",
      "resolved": "https://registry.npmjs.org/@webgpu/types/-/types-0.1.71.tgz",
      "integrity": "sha512-mMy8/ODcKhab808co15eW+yN+HgXoQxRQHTiBV9Mrvl1r0ufnid7YOcI+gi4eUWSWl9ezD6TW2KXccrL8HCh2A==",
      "license": "BSD-3-Clause"
    },
    "node_modules/playcanvas": {
      "version": "2.21.2",
      "resolved": "https://registry.npmjs.org/playcanvas/-/playcanvas-2.21.2.tgz",
      "integrity": "sha512-8g7ny23jP2+SbnKmgCfphcI75nUDS49b29Ha4nEj/XgyulOvzutdUGCuabHIj9rHkx6KT9mlObNyJtvKWhogsg==",
      "license": "MIT",
      "dependencies": {
        "@types/webxr": "^0.5.24",
        "@webgpu/types": "^0.1.70"
      },
      "engines": {
        "node": ">=18.3.0"
      }
    },
    "packages/core": {
      "name": "@greenways/alumbra-core",
      "version": "0.1.0",
      "license": "EPL-2.0",
      "engines": {
        "node": ">=20"
      }
    },
    "packages/engine": {
      "name": "@greenways/alumbra-engine",
      "version": "0.1.0",
      "license": "EPL-2.0",
      "dependencies": {
        "@greenways/alumbra-core": "0.1.0"
      },
      "engines": {
        "node": ">=20"
      }
    },
    "packages/hara": {
      "name": "@greenways/alumbra-hara",
      "version": "0.1.0",
      "license": "EPL-2.0",
      "dependencies": {
        "@greenways/alumbra-core": "0.1.0"
      },
      "engines": {
        "node": ">=20"
      }
    },
    "packages/history": {
      "name": "@greenways/alumbra-history",
      "version": "0.1.0",
      "license": "EPL-2.0",
      "dependencies": {
        "@greenways/alumbra-core": "0.1.0"
      },
      "engines": {
        "node": ">=20"
      }
    },
    "packages/history-store": {
      "name": "@greenways/alumbra-history-store",
      "version": "0.1.0",
      "license": "EPL-2.0",
      "dependencies": {
        "@greenways/alumbra-core": "0.1.0",
        "@greenways/alumbra-history": "0.1.0"
      },
      "engines": {
        "node": ">=20"
      }
    },
    "packages/hodos": {
      "name": "@greenways/alumbra-hodos",
      "version": "0.1.0",
      "license": "EPL-2.0",
      "engines": {
        "node": ">=20"
      },
      "peerDependencies": {
        "@greenways/hodos-web": "0.1.0",
        "@greenways/hodos-workspace-ui": "0.1.0"
      },
      "peerDependenciesMeta": {
        "@greenways/hodos-web": {
          "optional": true
        },
        "@greenways/hodos-workspace-ui": {
          "optional": true
        }
      }
    },
    "packages/renderer-playcanvas": {
      "name": "@greenways/alumbra-renderer-playcanvas",
      "version": "0.1.0",
      "license": "EPL-2.0",
      "dependencies": {
        "@greenways/alumbra-core": "0.1.0"
      },
      "engines": {
        "node": ">=20"
      },
      "peerDependencies": {
        "playcanvas": "^2.21.0"
      },
      "peerDependenciesMeta": {
        "playcanvas": {
          "optional": true
        }
      }
    },
    "packages/viewport-playcanvas": {
      "name": "@greenways/alumbra-viewport-playcanvas",
      "version": "0.1.0",
      "license": "EPL-2.0",
      "dependencies": {
        "@greenways/alumbra-core": "0.1.0",
        "@greenways/alumbra-engine": "0.1.0",
        "@greenways/alumbra-renderer-playcanvas": "0.1.0"
      },
      "engines": {
        "node": ">=20"
      },
      "peerDependencies": {
        "playcanvas": "^2.21.0"
      },
      "peerDependenciesMeta": {
        "playcanvas": {
          "optional": true
        }
      }
    }
  }
}
