{
  "name": "@greenways/alumbra-monorepo",
  "version": "0.1.0",
  "lockfileVersion": 3,
  "requires": true,
  "packages": {
    "": {
      "name": "@greenways/alumbra-monorepo",
      "version": "0.1.0",
      "workspaces": [
        "packages/*",
        "apps/*"
      ],
      "engines": {
        "node": ">=20"
      }
    },
    "apps/lab": {
      "name": "@greenways/alumbra-lab",
      "version": "0.1.0",
      "dependencies": {
        "@greenways/alumbra-core": "0.1.0",
        "@greenways/alumbra-engine": "0.1.0",
        "@greenways/alumbra-hara": "0.1.0",
        "@greenways/alumbra-hodos": "0.1.0",
        "@greenways/alumbra-viewport-playcanvas": "0.1.0"
      }
    },
    "node_modules/@greenways/alumbra-core": {
      "resolved": "packages/core",
      "link": true
    },
    "node_modules/@greenways/alumbra-engine": {
      "resolved": "packages/engine",
      "link": true
    },
    "node_modules/@greenways/alumbra-hara": {
      "resolved": "packages/hara",
      "link": true
    },
    "node_modules/@greenways/alumbra-hodos": {
      "resolved": "packages/hodos",
      "link": true
    },
    "node_modules/@greenways/alumbra-lab": {
      "resolved": "apps/lab",
      "link": true
    },
    "node_modules/@greenways/alumbra-renderer-playcanvas": {
      "resolved": "packages/renderer-playcanvas",
      "link": true
    },
    "node_modules/@greenways/alumbra-viewport-playcanvas": {
      "resolved": "packages/viewport-playcanvas",
      "link": true
    },
    "packages/core": {
      "name": "@greenways/alumbra-core",
      "version": "0.1.0"
    },
    "packages/engine": {
      "name": "@greenways/alumbra-engine",
      "version": "0.1.0",
      "license": "EPL-2.0",
      "dependencies": {
        "@greenways/alumbra-core": "0.1.0"
      },
      "engines": {
        "node": ">=20"
      }
    },
    "packages/hara": {
      "name": "@greenways/alumbra-hara",
      "version": "0.1.0",
      "license": "EPL-2.0",
      "dependencies": {
        "@greenways/alumbra-core": "0.1.0"
      },
      "engines": {
        "node": ">=20"
      }
    },
    "packages/hodos": {
      "name": "@greenways/alumbra-hodos",
      "version": "0.1.0",
      "license": "EPL-2.0",
      "engines": {
        "node": ">=20"
      },
      "peerDependencies": {
        "@greenways/hodos-web": "0.1.0",
        "@greenways/hodos-workspace-ui": "0.1.0"
      },
      "peerDependenciesMeta": {
        "@greenways/hodos-web": {
          "optional": true
        },
        "@greenways/hodos-workspace-ui": {
          "optional": true
        }
      }
    },
    "packages/renderer-playcanvas": {
      "name": "@greenways/alumbra-renderer-playcanvas",
      "version": "0.1.0",
      "license": "EPL-2.0",
      "dependencies": {
        "@greenways/alumbra-core": "0.1.0"
      },
      "engines": {
        "node": ">=20"
      },
      "peerDependencies": {
        "playcanvas": "^2.21.0"
      },
      "peerDependenciesMeta": {
        "playcanvas": {
          "optional": true
        }
      }
    },
    "packages/viewport-playcanvas": {
      "name": "@greenways/alumbra-viewport-playcanvas",
      "version": "0.1.0",
      "license": "EPL-2.0",
      "dependencies": {
        "@greenways/alumbra-core": "0.1.0",
        "@greenways/alumbra-engine": "0.1.0",
        "@greenways/alumbra-renderer-playcanvas": "0.1.0"
      },
      "engines": {
        "node": ">=20"
      },
      "peerDependencies": {
        "playcanvas": "^2.21.0"
      },
      "peerDependenciesMeta": {
        "playcanvas": {
          "optional": true
        }
      }
    }
  }
}
